
Microsoft Visual Studio Solution File, Format Version 12.00
# Visual Studio 2012
Project("{FAE04EC0-301F-11D3-BF4B-00C04F79EFBC}") = "WeirdFeird.Services", "WeirdFeird.Services\WeirdFeird.Services.csproj", "{928B8328-2361-42A4-B07A-999BAE60FBC4}"
EndProject
Project("{FAE04EC0-301F-11D3-BF4B-00C04F79EFBC}") = "WeirdFeird.Services.Tests", "WeirdFeird.Services.Tests\WeirdFeird.Services.Tests.csproj", "{1B91F8F9-A36A-48CB-BEE0-EDC78BD0635A}"
EndProject
Project("{2150E333-8FDC-42A3-9474-1A3956D46DE8}") = "Documents", "Documents", "{02E77083-95C0-42E0-8E50-225DDA3ACF10}"
EndProject
Project("{2150E333-8FDC-42A3-9474-1A3956D46DE8}") = "Properties", "Properties", "{BA11F6F9-39E0-4E1E-8232-0314CDFA595B}"
	ProjectSection(SolutionItems) = preProject
		..\Documents\Properties\CommonAssemblyInfo.cs = ..\Documents\Properties\CommonAssemblyInfo.cs
	EndProjectSection
EndProject
Project("{2150E333-8FDC-42A3-9474-1A3956D46DE8}") = ".nuget", ".nuget", "{150B02C9-E69C-4AE2-87BC-D9C76FF9BCFC}"
	ProjectSection(SolutionItems) = preProject
		.nuget\packages.config = .nuget\packages.config
	EndProjectSection
EndProject
Project("{2150E333-8FDC-42A3-9474-1A3956D46DE8}") = "Samples", "Samples", "{2468ACA7-4893-4A34-A5F7-BD0C0F261BA3}"
	ProjectSection(SolutionItems) = preProject
		..\Documents\Samples\Atom.Blogspot.xml = ..\Documents\Samples\Atom.Blogspot.xml
		..\Documents\Samples\Rss.Blogspot.xml = ..\Documents\Samples\Rss.Blogspot.xml
		..\Documents\Samples\Rss.Wordpress.xml = ..\Documents\Samples\Rss.Wordpress.xml
	EndProjectSection
EndProject
Project("{FAE04EC0-301F-11D3-BF4B-00C04F79EFBC}") = "WeirdFeird.Configurations", "WeirdFeird.Configurations\WeirdFeird.Configurations.csproj", "{F9C98E8F-7199-43F8-8C07-6DF45B5F63A7}"
EndProject
Project("{FAE04EC0-301F-11D3-BF4B-00C04F79EFBC}") = "WeirdFeird.Configurations.Tests", "WeirdFeird.Configurations.Tests\WeirdFeird.Configurations.Tests.csproj", "{909003FA-C5C9-4223-93D0-D210260412EA}"
EndProject
Project("{2150E333-8FDC-42A3-9474-1A3956D46DE8}") = "Libraries", "Libraries", "{06E551AF-2FB3-427B-84F3-42C9F220E009}"
EndProject
Project("{2150E333-8FDC-42A3-9474-1A3956D46DE8}") = "FeedSchemata", "FeedSchemata", "{ACF1D24D-18D7-437A-B64A-62029A8B4B9C}"
	ProjectSection(SolutionItems) = preProject
		..\Libraries\FeedSchemata\Atom.xsd = ..\Libraries\FeedSchemata\Atom.xsd
		..\Libraries\FeedSchemata\CommentApi.xsd = ..\Libraries\FeedSchemata\CommentApi.xsd
		..\Libraries\FeedSchemata\Content.xsd = ..\Libraries\FeedSchemata\Content.xsd
		..\Libraries\FeedSchemata\DublinCore.xsd = ..\Libraries\FeedSchemata\DublinCore.xsd
		..\Libraries\FeedSchemata\Rss.xsd = ..\Libraries\FeedSchemata\Rss.xsd
		..\Libraries\FeedSchemata\Slash.xsd = ..\Libraries\FeedSchemata\Slash.xsd
		..\Libraries\FeedSchemata\Syndication.xsd = ..\Libraries\FeedSchemata\Syndication.xsd
	EndProjectSection
EndProject
Project("{FAE04EC0-301F-11D3-BF4B-00C04F79EFBC}") = "WeirdFeird.ViewModels", "WeirdFeird.ViewModels\WeirdFeird.ViewModels.csproj", "{69CA440E-46D9-4906-A49C-79F0DA3992B8}"
EndProject
Project("{FAE04EC0-301F-11D3-BF4B-00C04F79EFBC}") = "WeirdFeird.Extensions", "WeirdFeird.Extensions\WeirdFeird.Extensions.csproj", "{31CC8FD6-37C2-4BC9-A48C-2CC73994616A}"
EndProject
Project("{FAE04EC0-301F-11D3-BF4B-00C04F79EFBC}") = "WeirdFeird.Exceptions", "WeirdFeird.Exceptions\WeirdFeird.Exceptions.csproj", "{346D2014-306D-4CBD-9F81-3E8A8B3A79EC}"
EndProject
Global
	GlobalSection(SolutionConfigurationPlatforms) = preSolution
		Debug|Any CPU = Debug|Any CPU
		Release|Any CPU = Release|Any CPU
	EndGlobalSection
	GlobalSection(ProjectConfigurationPlatforms) = postSolution
		{928B8328-2361-42A4-B07A-999BAE60FBC4}.Debug|Any CPU.ActiveCfg = Debug|Any CPU
		{928B8328-2361-42A4-B07A-999BAE60FBC4}.Debug|Any CPU.Build.0 = Debug|Any CPU
		{928B8328-2361-42A4-B07A-999BAE60FBC4}.Release|Any CPU.ActiveCfg = Release|Any CPU
		{928B8328-2361-42A4-B07A-999BAE60FBC4}.Release|Any CPU.Build.0 = Release|Any CPU
		{1B91F8F9-A36A-48CB-BEE0-EDC78BD0635A}.Debug|Any CPU.ActiveCfg = Debug|Any CPU
		{1B91F8F9-A36A-48CB-BEE0-EDC78BD0635A}.Debug|Any CPU.Build.0 = Debug|Any CPU
		{1B91F8F9-A36A-48CB-BEE0-EDC78BD0635A}.Release|Any CPU.ActiveCfg = Release|Any CPU
		{1B91F8F9-A36A-48CB-BEE0-EDC78BD0635A}.Release|Any CPU.Build.0 = Release|Any CPU
		{F9C98E8F-7199-43F8-8C07-6DF45B5F63A7}.Debug|Any CPU.ActiveCfg = Debug|Any CPU
		{F9C98E8F-7199-43F8-8C07-6DF45B5F63A7}.Debug|Any CPU.Build.0 = Debug|Any CPU
		{F9C98E8F-7199-43F8-8C07-6DF45B5F63A7}.Release|Any CPU.ActiveCfg = Release|Any CPU
		{F9C98E8F-7199-43F8-8C07-6DF45B5F63A7}.Release|Any CPU.Build.0 = Release|Any CPU
		{909003FA-C5C9-4223-93D0-D210260412EA}.Debug|Any CPU.ActiveCfg = Debug|Any CPU
		{909003FA-C5C9-4223-93D0-D210260412EA}.Debug|Any CPU.Build.0 = Debug|Any CPU
		{909003FA-C5C9-4223-93D0-D210260412EA}.Release|Any CPU.ActiveCfg = Release|Any CPU
		{909003FA-C5C9-4223-93D0-D210260412EA}.Release|Any CPU.Build.0 = Release|Any CPU
		{69CA440E-46D9-4906-A49C-79F0DA3992B8}.Debug|Any CPU.ActiveCfg = Debug|Any CPU
		{69CA440E-46D9-4906-A49C-79F0DA3992B8}.Debug|Any CPU.Build.0 = Debug|Any CPU
		{69CA440E-46D9-4906-A49C-79F0DA3992B8}.Release|Any CPU.ActiveCfg = Release|Any CPU
		{69CA440E-46D9-4906-A49C-79F0DA3992B8}.Release|Any CPU.Build.0 = Release|Any CPU
		{31CC8FD6-37C2-4BC9-A48C-2CC73994616A}.Debug|Any CPU.ActiveCfg = Debug|Any CPU
		{31CC8FD6-37C2-4BC9-A48C-2CC73994616A}.Debug|Any CPU.Build.0 = Debug|Any CPU
		{31CC8FD6-37C2-4BC9-A48C-2CC73994616A}.Release|Any CPU.ActiveCfg = Release|Any CPU
		{31CC8FD6-37C2-4BC9-A48C-2CC73994616A}.Release|Any CPU.Build.0 = Release|Any CPU
		{346D2014-306D-4CBD-9F81-3E8A8B3A79EC}.Debug|Any CPU.ActiveCfg = Debug|Any CPU
		{346D2014-306D-4CBD-9F81-3E8A8B3A79EC}.Debug|Any CPU.Build.0 = Debug|Any CPU
		{346D2014-306D-4CBD-9F81-3E8A8B3A79EC}.Release|Any CPU.ActiveCfg = Release|Any CPU
		{346D2014-306D-4CBD-9F81-3E8A8B3A79EC}.Release|Any CPU.Build.0 = Release|Any CPU
	EndGlobalSection
	GlobalSection(SolutionProperties) = preSolution
		HideSolutionNode = FALSE
	EndGlobalSection
	GlobalSection(NestedProjects) = preSolution
		{BA11F6F9-39E0-4E1E-8232-0314CDFA595B} = {02E77083-95C0-42E0-8E50-225DDA3ACF10}
		{2468ACA7-4893-4A34-A5F7-BD0C0F261BA3} = {02E77083-95C0-42E0-8E50-225DDA3ACF10}
		{ACF1D24D-18D7-437A-B64A-62029A8B4B9C} = {06E551AF-2FB3-427B-84F3-42C9F220E009}
	EndGlobalSection
EndGlobal
